
Microsoft Visual Studio Solution File, Format Version 12.00
# Visual Studio 15
VisualStudioVersion = 15.0.28010.2016
MinimumVisualStudioVersion = 10.0.40219.1
Project("{FAE04EC0-301F-11D3-BF4B-00C04F79EFBC}") = "HomeTask7_a", "HomeTask7_a\HomeTask7_a.csproj", "{17140D1E-4FA2-4D05-BFE1-F1C644679AD0}"
EndProject
Global
	GlobalSection(SolutionConfigurationPlatforms) = preSolution
		Debug|Any CPU = Debug|Any CPU
		Release|Any CPU = Release|Any CPU
	EndGlobalSection
	GlobalSection(ProjectConfigurationPlatforms) = postSolution
		{17140D1E-4FA2-4D05-BFE1-F1C644679AD0}.Debug|Any CPU.ActiveCfg = Debug|Any CPU
		{17140D1E-4FA2-4D05-BFE1-F1C644679AD0}.Debug|Any CPU.Build.0 = Debug|Any CPU
		{17140D1E-4FA2-4D05-BFE1-F1C644679AD0}.Release|Any CPU.ActiveCfg = Release|Any CPU
		{17140D1E-4FA2-4D05-BFE1-F1C644679AD0}.Release|Any CPU.Build.0 = Release|Any CPU
	EndGlobalSection
	GlobalSection(SolutionProperties) = preSolution
		HideSolutionNode = FALSE
	EndGlobalSection
	GlobalSection(ExtensibilityGlobals) = postSolution
		SolutionGuid = {B22C5D3D-20B3-448A-BB71-5BC0A87B3880}
	EndGlobalSection
EndGlobal
